{
  "requires": true,
  "lockfileVersion": 1,
  "dependencies": {
    "angular-file-upload": {
      "version": "2.6.1",
      "resolved": "https://registry.npmjs.org/angular-file-upload/-/angular-file-upload-2.6.1.tgz",
      "integrity": "sha512-DFWqoSTSRWSyywibJ5FGz4kjqohmF7ICPGhy0XqU0Wv2regIou9JJQr9XwtBlIF/65n8KJcbgKzL6Drmv8auYg=="
    }
  }
}
