{
  "name": "TMS",
  "lockfileVersion": 2,
  "requires": true,
  "packages": {
    "": {
      "dependencies": {
        "angular-file-upload": "^2.6.1",
        "angular-modal-service": "^0.15.6",
        "ng-infinite-scroll": "^1.3.0"
      }
    },
    "node_modules/angular-file-upload": {
      "version": "2.6.1",
      "resolved": "https://registry.npmjs.org/angular-file-upload/-/angular-file-upload-2.6.1.tgz",
      "integrity": "sha512-DFWqoSTSRWSyywibJ5FGz4kjqohmF7ICPGhy0XqU0Wv2regIou9JJQr9XwtBlIF/65n8KJcbgKzL6Drmv8auYg==",
      "engines": {
        "node": ">=4.0.0"
      }
    },
    "node_modules/angular-modal-service": {
      "version": "0.15.6",
      "resolved": "https://registry.npmjs.org/angular-modal-service/-/angular-modal-service-0.15.6.tgz",
      "integrity": "sha512-tFXEeLDIMs/mrOKTJrQqCvYCWzUiVvz3e8N+bUPStGSRvFZTFOWPatVQGSYDKewZP/NJ6owwHaIyXoWYftrkpw=="
    },
    "node_modules/ng-infinite-scroll": {
      "version": "1.3.0",
      "resolved": "https://registry.npmjs.org/ng-infinite-scroll/-/ng-infinite-scroll-1.3.0.tgz",
      "integrity": "sha512-gJ3FyCRQaqT9Fnn9RnkpM9NPeDBreVSFc6H5IwYdrbilMJhobnGhOGylDgYL0pLDf0PkF1SxxgJcb9Mlw4XlkA=="
    }
  },
  "dependencies": {
    "angular-file-upload": {
      "version": "2.6.1",
      "resolved": "https://registry.npmjs.org/angular-file-upload/-/angular-file-upload-2.6.1.tgz",
      "integrity": "sha512-DFWqoSTSRWSyywibJ5FGz4kjqohmF7ICPGhy0XqU0Wv2regIou9JJQr9XwtBlIF/65n8KJcbgKzL6Drmv8auYg=="
    },
    "angular-modal-service": {
      "version": "0.15.6",
      "resolved": "https://registry.npmjs.org/angular-modal-service/-/angular-modal-service-0.15.6.tgz",
      "integrity": "sha512-tFXEeLDIMs/mrOKTJrQqCvYCWzUiVvz3e8N+bUPStGSRvFZTFOWPatVQGSYDKewZP/NJ6owwHaIyXoWYftrkpw=="
    },
    "ng-infinite-scroll": {
      "version": "1.3.0",
      "resolved": "https://registry.npmjs.org/ng-infinite-scroll/-/ng-infinite-scroll-1.3.0.tgz",
      "integrity": "sha512-gJ3FyCRQaqT9Fnn9RnkpM9NPeDBreVSFc6H5IwYdrbilMJhobnGhOGylDgYL0pLDf0PkF1SxxgJcb9Mlw4XlkA=="
    }
  }
}
